{
    "name": "TilerAppLib",
    "version": "0.0.0",
    "lockfileVersion": 1,
    "requires": true,
    "dependencies": {
        "inherit": {
            "version": "2.2.7",
            "resolved": "https://registry.npmjs.org/inherit/-/inherit-2.2.7.tgz",
            "integrity": "sha512-dxJmC1j0Q32NFAjvbd6g3lXYLZ49HgzotgbSMwMkoiTXGhC9412Oc24g7A7M9cPPkw/vDsF2cSII+2zJwocUtQ=="
        },
        "jspath": {
            "version": "0.2.14",
            "resolved": "https://registry.npmjs.org/jspath/-/jspath-0.2.14.tgz",
            "integrity": "sha1-YFfRqM1Ybb+4/AtQcdgGT99GkMc="
        },
        "vow": {
            "version": "0.4.19",
            "resolved": "https://registry.npmjs.org/vow/-/vow-0.4.19.tgz",
            "integrity": "sha512-S+0+CiQlbUhTNWMlJdqo/ARuXOttXdvw5ACGyh1W97NFHUdwt3Fzyaus03Kvdmo733dwnYS9AGJSDg0Zu8mNfA=="
        },
        "vow-queue": {
            "version": "0.3.1",
            "resolved": "https://registry.npmjs.org/vow-queue/-/vow-queue-0.3.1.tgz",
            "integrity": "sha1-WYxRoVsKgabV/AX0dhzrRi3h6Gg=",
            "requires": {
                "vow": "~0.4.0"
            }
        },
        "ym": {
            "version": "0.0.15",
            "resolved": "https://registry.npmjs.org/ym/-/ym-0.0.15.tgz",
            "integrity": "sha1-cJnmt3eact+SvKPyY0PTDR0M5no="
        }
    }
}
